# This file is autogenerated, do not edit; changes may be undone by the next 'dep ensure'.


[[projects]]
  branch = "master"
  name = "github.com/fatih/color"
  packages = ["."]
  revision = "0f7879aa27bec508b0d4a799e3460679a005d508"
  source = "github.com/sofuture/color"

[[projects]]
  branch = "master"
  name = "github.com/labstack/echo"
  packages = ["."]
  revision = "05fdb86ac4fe1fbab12dbea38e1ea6c7fab907ea"
  source = "github.com/sofuture/echo"

[[projects]]
  name = "github.com/labstack/gommon"
  packages = ["color","log"]
  revision = "57409ada9da0f2afad6664c49502f8c50fbd8476"
  version = "0.2.3"

[[projects]]
  name = "github.com/mattn/go-colorable"
  packages = ["."]
  revision = "167de6bfdfba052fa6b2d3664c8f5272e23c9072"
  version = "v0.0.9"

[[projects]]
  name = "github.com/mattn/go-isatty"
  packages = ["."]
  revision = "0360b2af4f38e8d38c7fce2a9f4e702702d73a39"
  version = "v0.0.3"

[[projects]]
  branch = "master"
  name = "github.com/valyala/bytebufferpool"
  packages = ["."]
  revision = "e746df99fe4a3986f4d4f79e13c1e0117ce9c2f7"

[[projects]]
  branch = "master"
  name = "github.com/valyala/fasttemplate"
  packages = ["."]
  revision = "dcecefd839c4193db0d35b88ec65b4c12d360ab0"

[[projects]]
  branch = "master"
  name = "golang.org/x/crypto"
  packages = ["acme","acme/autocert"]
  revision = "ca1fcd4ab4c10bc58852a894bcf195fab2229efe"

[[projects]]
  branch = "master"
  name = "golang.org/x/sys"
  packages = ["unix"]
  revision = "8eb05f94d449fdf134ec24630ce69ada5b469c1c"

[solve-meta]
  analyzer-name = "dep"
  analyzer-version = 1
  inputs-digest = "e3f9d1e47397de55915e0d6f054260cd61c4a95181744e03ce9c74848b1dfcf6"
  solver-name = "gps-cdcl"
  solver-version = 1
